{
    "name": "keyscribe",
    "version": "0.0.0",
    "lockfileVersion": 2,
    "requires": true,
    "packages": {
        "": {
            "name": "keyscribe",
            "version": "0.0.0",
            "license": "MIT",
            "dependencies": {
                "midi-writer-js": "^3.1.1"
            }
        },
        "node_modules/@tonaljs/core": {
            "version": "4.10.0",
            "resolved": "https://registry.npmjs.org/@tonaljs/core/-/core-4.10.0.tgz",
            "integrity": "sha512-+AH7NP9iiAGil+X7NlKGlQvls/KByQmxR51d5O+y6IjHltOkVUXk74oZuxW7zF0IsKchFn8Okr0sxqFmgsQmpA=="
        },
        "node_modules/@tonaljs/midi": {
            "version": "4.9.0",
            "resolved": "https://registry.npmjs.org/@tonaljs/midi/-/midi-4.9.0.tgz",
            "integrity": "sha512-zi6lK2OC2EA8E1Nl011erWAZgOSlrfstJMgnrbm4/nLDegotg5ALbMnfX/s+SIfSSFcXn/Og1d8xwPeAwoaUyg==",
            "dependencies": {
                "@tonaljs/core": "^4.8.0"
            }
        },
        "node_modules/midi-writer-js": {
            "version": "3.1.1",
            "resolved": "https://registry.npmjs.org/midi-writer-js/-/midi-writer-js-3.1.1.tgz",
            "integrity": "sha512-ruRzUWtmcvD7xQcrKRk9fH+1BELv8x07QJxhpM4PS5n6+MOyPb39ifxTV/oI1hHPgKMSuhnhWw2MaGWUAvH9DA==",
            "hasInstallScript": true,
            "dependencies": {
                "@tonaljs/midi": "^4.9.0"
            }
        }
    },
    "dependencies": {
        "@tonaljs/core": {
            "version": "4.10.0",
            "resolved": "https://registry.npmjs.org/@tonaljs/core/-/core-4.10.0.tgz",
            "integrity": "sha512-+AH7NP9iiAGil+X7NlKGlQvls/KByQmxR51d5O+y6IjHltOkVUXk74oZuxW7zF0IsKchFn8Okr0sxqFmgsQmpA=="
        },
        "@tonaljs/midi": {
            "version": "4.9.0",
            "resolved": "https://registry.npmjs.org/@tonaljs/midi/-/midi-4.9.0.tgz",
            "integrity": "sha512-zi6lK2OC2EA8E1Nl011erWAZgOSlrfstJMgnrbm4/nLDegotg5ALbMnfX/s+SIfSSFcXn/Og1d8xwPeAwoaUyg==",
            "requires": {
                "@tonaljs/core": "^4.8.0"
            }
        },
        "midi-writer-js": {
            "version": "3.1.1",
            "resolved": "https://registry.npmjs.org/midi-writer-js/-/midi-writer-js-3.1.1.tgz",
            "integrity": "sha512-ruRzUWtmcvD7xQcrKRk9fH+1BELv8x07QJxhpM4PS5n6+MOyPb39ifxTV/oI1hHPgKMSuhnhWw2MaGWUAvH9DA==",
            "requires": {
                "@tonaljs/midi": "^4.9.0"
            }
        }
    }
}
